// !$*UTF8*$!
{
	archiveVersion = 1;
	classes = {
	};
	objectVersion = 46;
	objects = {

/* Begin PBXBuildFile section */
		813D031E1A10551400F62E40 /* main.m in Sources */ = {isa = PBXBuildFile; fileRef = 813D031D1A10551400F62E40 /* main.m */; };
		813D03211A10551400F62E40 /* AppDelegate.m in Sources */ = {isa = PBXBuildFile; fileRef = 813D03201A10551400F62E40 /* AppDelegate.m */; };
		813D03291A10551400F62E40 /* Images.xcassets in Resources */ = {isa = PBXBuildFile; fileRef = 813D03281A10551400F62E40 /* Images.xcassets */; };
		813D032C1A10551400F62E40 /* LaunchScreen.xib in Resources */ = {isa = PBXBuildFile; fileRef = 813D032A1A10551400F62E40 /* LaunchScreen.xib */; };
		813D03381A10551400F62E40 /* ThumbTests.m in Sources */ = {isa = PBXBuildFile; fileRef = 813D03371A10551400F62E40 /* ThumbTests.m */; };
		813D03571A105DE500F62E40 /* StoryboardOne.storyboard in Resources */ = {isa = PBXBuildFile; fileRef = 813D03541A105DE500F62E40 /* StoryboardOne.storyboard */; };
		813D03581A105DE500F62E40 /* ZDFinancialTableViewController.m in Sources */ = {isa = PBXBuildFile; fileRef = 813D03561A105DE500F62E40 /* ZDFinancialTableViewController.m */; };
		813D03661A105E0300F62E40 /* Main.storyboard in Resources */ = {isa = PBXBuildFile; fileRef = 813D035A1A105E0300F62E40 /* Main.storyboard */; };
		813D03671A105E0300F62E40 /* ZDMainTabbarController.m in Sources */ = {isa = PBXBuildFile; fileRef = 813D035C1A105E0300F62E40 /* ZDMainTabbarController.m */; };
		813D03681A105E0300F62E40 /* StoryboardTwo.storyboard in Resources */ = {isa = PBXBuildFile; fileRef = 813D035F1A105E0300F62E40 /* StoryboardTwo.storyboard */; };
		813D036A1A105E0300F62E40 /* StoryboardThree.storyboard in Resources */ = {isa = PBXBuildFile; fileRef = 813D03631A105E0300F62E40 /* StoryboardThree.storyboard */; };
		813D036B1A105E0300F62E40 /* ZDSettingTableViewController.m in Sources */ = {isa = PBXBuildFile; fileRef = 813D03651A105E0300F62E40 /* ZDSettingTableViewController.m */; };
		81E102371A1443F50059BA60 /* CoreLocation.framework in Frameworks */ = {isa = PBXBuildFile; fileRef = 81E102361A1443F50059BA60 /* CoreLocation.framework */; };
		81E102391A1443FD0059BA60 /* MapKit.framework in Frameworks */ = {isa = PBXBuildFile; fileRef = 81E102381A1443FD0059BA60 /* MapKit.framework */; };
		81E102481A1459F70059BA60 /* MyAnnotaion.m in Sources */ = {isa = PBXBuildFile; fileRef = 81E102411A1459F70059BA60 /* MyAnnotaion.m */; };
		81E102491A1459F70059BA60 /* ZDLookForStroesViewController.m in Sources */ = {isa = PBXBuildFile; fileRef = 81E102431A1459F70059BA60 /* ZDLookForStroesViewController.m */; };
		81E1024A1A1459F70059BA60 /* ZDMapViewController.m in Sources */ = {isa = PBXBuildFile; fileRef = 81E102451A1459F70059BA60 /* ZDMapViewController.m */; };
		81E1024B1A1459F70059BA60 /* ZDNearbyStoresTableViewController.m in Sources */ = {isa = PBXBuildFile; fileRef = 81E102471A1459F70059BA60 /* ZDNearbyStoresTableViewController.m */; };
		81E1024E1A145CB50059BA60 /* ZDLoginViewController.m in Sources */ = {isa = PBXBuildFile; fileRef = 81E1024D1A145CB50059BA60 /* ZDLoginViewController.m */; };
		81E102511A1461480059BA60 /* SSFShowSimpleAlert.m in Sources */ = {isa = PBXBuildFile; fileRef = 81E102501A1461480059BA60 /* SSFShowSimpleAlert.m */; };
		81E102541A1494E10059BA60 /* ZDMyAccountTableViewController.m in Sources */ = {isa = PBXBuildFile; fileRef = 81E102531A1494E10059BA60 /* ZDMyAccountTableViewController.m */; };
		81E102571A14963C0059BA60 /* MyAccountTableViewCell.m in Sources */ = {isa = PBXBuildFile; fileRef = 81E102561A14963C0059BA60 /* MyAccountTableViewCell.m */; };
		81E36BE31A10913F00784D93 /* MBProgressHUD.m in Sources */ = {isa = PBXBuildFile; fileRef = 81E36BDB1A10913F00784D93 /* MBProgressHUD.m */; };
		81E36BE41A10913F00784D93 /* NSString+Tony.m in Sources */ = {isa = PBXBuildFile; fileRef = 81E36BDD1A10913F00784D93 /* NSString+Tony.m */; };
		81E36BE51A10913F00784D93 /* GSReachability.m in Sources */ = {isa = PBXBuildFile; fileRef = 81E36BE01A10913F00784D93 /* GSReachability.m */; };
		81E36BE61A10913F00784D93 /* Reachability.m in Sources */ = {isa = PBXBuildFile; fileRef = 81E36BE21A10913F00784D93 /* Reachability.m */; settings = {COMPILER_FLAGS = "-fno-objc-arc"; }; };
		81E64D421A1207270070BCD3 /* ZDNSURLSession.m in Sources */ = {isa = PBXBuildFile; fileRef = 81E64D3B1A1207270070BCD3 /* ZDNSURLSession.m */; };
		81E64D431A1207270070BCD3 /* ZDWebService+URLString.m in Sources */ = {isa = PBXBuildFile; fileRef = 81E64D3D1A1207270070BCD3 /* ZDWebService+URLString.m */; };
		81E64D441A1207270070BCD3 /* ZDWebService.m in Sources */ = {isa = PBXBuildFile; fileRef = 81E64D3F1A1207270070BCD3 /* ZDWebService.m */; };
		81E64D451A1207270070BCD3 /* ZDWebserviceDataParse.m in Sources */ = {isa = PBXBuildFile; fileRef = 81E64D411A1207270070BCD3 /* ZDWebserviceDataParse.m */; };
		81E795CF1A1339B900B75715 /* SSFSegmentControl.m in Sources */ = {isa = PBXBuildFile; fileRef = 81E795CD1A1339B900B75715 /* SSFSegmentControl.m */; };
		81E795D01A1339B900B75715 /* SSFSegmentControl.xib in Resources */ = {isa = PBXBuildFile; fileRef = 81E795CE1A1339B900B75715 /* SSFSegmentControl.xib */; };
		81E795D31A1346C300B75715 /* financialTableCell.m in Sources */ = {isa = PBXBuildFile; fileRef = 81E795D21A1346C300B75715 /* financialTableCell.m */; };
		8D071F411A1363710051FE04 /* ZDQuestionBackViewController.m in Sources */ = {isa = PBXBuildFile; fileRef = 8D071F401A1363710051FE04 /* ZDQuestionBackViewController.m */; };
		8D071F531A1442ED0051FE04 /* ZDAboutUsTableViewController.m in Sources */ = {isa = PBXBuildFile; fileRef = 8D071F521A1442ED0051FE04 /* ZDAboutUsTableViewController.m */; };
		8D071F561A1450220051FE04 /* ZDWebViewController.m in Sources */ = {isa = PBXBuildFile; fileRef = 8D071F551A1450220051FE04 /* ZDWebViewController.m */; };
/* End PBXBuildFile section */

/* Begin PBXContainerItemProxy section */
		813D03321A10551400F62E40 /* PBXContainerItemProxy */ = {
			isa = PBXContainerItemProxy;
			containerPortal = 813D03101A10551400F62E40 /* Project object */;
			proxyType = 1;
			remoteGlobalIDString = 813D03171A10551400F62E40;
			remoteInfo = Thumb;
		};
/* End PBXContainerItemProxy section */

/* Begin PBXFileReference section */
		813D03181A10551400F62E40 /* Thumb.app */ = {isa = PBXFileReference; explicitFileType = wrapper.application; includeInIndex = 0; path = Thumb.app; sourceTree = BUILT_PRODUCTS_DIR; };
		813D031C1A10551400F62E40 /* Info.plist */ = {isa = PBXFileReference; lastKnownFileType = text.plist.xml; path = Info.plist; sourceTree = "<group>"; };
		813D031D1A10551400F62E40 /* main.m */ = {isa = PBXFileReference; lastKnownFileType = sourcecode.c.objc; path = main.m; sourceTree = "<group>"; };
		813D031F1A10551400F62E40 /* AppDelegate.h */ = {isa = PBXFileReference; lastKnownFileType = sourcecode.c.h; path = AppDelegate.h; sourceTree = "<group>"; };
		813D03201A10551400F62E40 /* AppDelegate.m */ = {isa = PBXFileReference; lastKnownFileType = sourcecode.c.objc; path = AppDelegate.m; sourceTree = "<group>"; };
		813D03281A10551400F62E40 /* Images.xcassets */ = {isa = PBXFileReference; lastKnownFileType = folder.assetcatalog; path = Images.xcassets; sourceTree = "<group>"; };
		813D032B1A10551400F62E40 /* Base */ = {isa = PBXFileReference; lastKnownFileType = file.xib; name = Base; path = Base.lproj/LaunchScreen.xib; sourceTree = "<group>"; };
		813D03311A10551400F62E40 /* ThumbTests.xctest */ = {isa = PBXFileReference; explicitFileType = wrapper.cfbundle; includeInIndex = 0; path = ThumbTests.xctest; sourceTree = BUILT_PRODUCTS_DIR; };
		813D03361A10551400F62E40 /* Info.plist */ = {isa = PBXFileReference; lastKnownFileType = text.plist.xml; path = Info.plist; sourceTree = "<group>"; };
		813D03371A10551400F62E40 /* ThumbTests.m */ = {isa = PBXFileReference; lastKnownFileType = sourcecode.c.objc; path = ThumbTests.m; sourceTree = "<group>"; };
		813D03541A105DE500F62E40 /* StoryboardOne.storyboard */ = {isa = PBXFileReference; fileEncoding = 4; lastKnownFileType = file.storyboard; path = StoryboardOne.storyboard; sourceTree = "<group>"; };
		813D03551A105DE500F62E40 /* ZDFinancialTableViewController.h */ = {isa = PBXFileReference; fileEncoding = 4; lastKnownFileType = sourcecode.c.h; path = ZDFinancialTableViewController.h; sourceTree = "<group>"; };
		813D03561A105DE500F62E40 /* ZDFinancialTableViewController.m */ = {isa = PBXFileReference; fileEncoding = 4; lastKnownFileType = sourcecode.c.objc; path = ZDFinancialTableViewController.m; sourceTree = "<group>"; };
		813D035A1A105E0300F62E40 /* Main.storyboard */ = {isa = PBXFileReference; fileEncoding = 4; lastKnownFileType = file.storyboard; path = Main.storyboard; sourceTree = "<group>"; };
		813D035B1A105E0300F62E40 /* ZDMainTabbarController.h */ = {isa = PBXFileReference; fileEncoding = 4; lastKnownFileType = sourcecode.c.h; path = ZDMainTabbarController.h; sourceTree = "<group>"; };
		813D035C1A105E0300F62E40 /* ZDMainTabbarController.m */ = {isa = PBXFileReference; fileEncoding = 4; lastKnownFileType = sourcecode.c.objc; path = ZDMainTabbarController.m; sourceTree = "<group>"; };
		813D035F1A105E0300F62E40 /* StoryboardTwo.storyboard */ = {isa = PBXFileReference; fileEncoding = 4; lastKnownFileType = file.storyboard; path = StoryboardTwo.storyboard; sourceTree = "<group>"; };
		813D03631A105E0300F62E40 /* StoryboardThree.storyboard */ = {isa = PBXFileReference; fileEncoding = 4; lastKnownFileType = file.storyboard; path = StoryboardThree.storyboard; sourceTree = "<group>"; };
		813D03641A105E0300F62E40 /* ZDSettingTableViewController.h */ = {isa = PBXFileReference; fileEncoding = 4; lastKnownFileType = sourcecode.c.h; path = ZDSettingTableViewController.h; sourceTree = "<group>"; };
		813D03651A105E0300F62E40 /* ZDSettingTableViewController.m */ = {isa = PBXFileReference; fileEncoding = 4; lastKnownFileType = sourcecode.c.objc; path = ZDSettingTableViewController.m; sourceTree = "<group>"; };
		81E102361A1443F50059BA60 /* CoreLocation.framework */ = {isa = PBXFileReference; lastKnownFileType = wrapper.framework; name = CoreLocation.framework; path = System/Library/Frameworks/CoreLocation.framework; sourceTree = SDKROOT; };
		81E102381A1443FD0059BA60 /* MapKit.framework */ = {isa = PBXFileReference; lastKnownFileType = wrapper.framework; name = MapKit.framework; path = System/Library/Frameworks/MapKit.framework; sourceTree = SDKROOT; };
		81E102401A1459F70059BA60 /* MyAnnotaion.h */ = {isa = PBXFileReference; fileEncoding = 4; lastKnownFileType = sourcecode.c.h; path = MyAnnotaion.h; sourceTree = "<group>"; };
		81E102411A1459F70059BA60 /* MyAnnotaion.m */ = {isa = PBXFileReference; fileEncoding = 4; lastKnownFileType = sourcecode.c.objc; path = MyAnnotaion.m; sourceTree = "<group>"; };
		81E102421A1459F70059BA60 /* ZDLookForStroesViewController.h */ = {isa = PBXFileReference; fileEncoding = 4; lastKnownFileType = sourcecode.c.h; path = ZDLookForStroesViewController.h; sourceTree = "<group>"; };
		81E102431A1459F70059BA60 /* ZDLookForStroesViewController.m */ = {isa = PBXFileReference; fileEncoding = 4; lastKnownFileType = sourcecode.c.objc; path = ZDLookForStroesViewController.m; sourceTree = "<group>"; };
		81E102441A1459F70059BA60 /* ZDMapViewController.h */ = {isa = PBXFileReference; fileEncoding = 4; lastKnownFileType = sourcecode.c.h; path = ZDMapViewController.h; sourceTree = "<group>"; };
		81E102451A1459F70059BA60 /* ZDMapViewController.m */ = {isa = PBXFileReference; fileEncoding = 4; lastKnownFileType = sourcecode.c.objc; path = ZDMapViewController.m; sourceTree = "<group>"; };
		81E102461A1459F70059BA60 /* ZDNearbyStoresTableViewController.h */ = {isa = PBXFileReference; fileEncoding = 4; lastKnownFileType = sourcecode.c.h; path = ZDNearbyStoresTableViewController.h; sourceTree = "<group>"; };
		81E102471A1459F70059BA60 /* ZDNearbyStoresTableViewController.m */ = {isa = PBXFileReference; fileEncoding = 4; lastKnownFileType = sourcecode.c.objc; path = ZDNearbyStoresTableViewController.m; sourceTree = "<group>"; };
		81E1024C1A145CB50059BA60 /* ZDLoginViewController.h */ = {isa = PBXFileReference; fileEncoding = 4; lastKnownFileType = sourcecode.c.h; path = ZDLoginViewController.h; sourceTree = "<group>"; };
		81E1024D1A145CB50059BA60 /* ZDLoginViewController.m */ = {isa = PBXFileReference; fileEncoding = 4; lastKnownFileType = sourcecode.c.objc; path = ZDLoginViewController.m; sourceTree = "<group>"; };
		81E1024F1A1461480059BA60 /* SSFShowSimpleAlert.h */ = {isa = PBXFileReference; fileEncoding = 4; lastKnownFileType = sourcecode.c.h; path = SSFShowSimpleAlert.h; sourceTree = "<group>"; };
		81E102501A1461480059BA60 /* SSFShowSimpleAlert.m */ = {isa = PBXFileReference; fileEncoding = 4; lastKnownFileType = sourcecode.c.objc; path = SSFShowSimpleAlert.m; sourceTree = "<group>"; };
		81E102521A1494E10059BA60 /* ZDMyAccountTableViewController.h */ = {isa = PBXFileReference; fileEncoding = 4; lastKnownFileType = sourcecode.c.h; path = ZDMyAccountTableViewController.h; sourceTree = "<group>"; };
		81E102531A1494E10059BA60 /* ZDMyAccountTableViewController.m */ = {isa = PBXFileReference; fileEncoding = 4; lastKnownFileType = sourcecode.c.objc; path = ZDMyAccountTableViewController.m; sourceTree = "<group>"; };
		81E102551A14963C0059BA60 /* MyAccountTableViewCell.h */ = {isa = PBXFileReference; fileEncoding = 4; lastKnownFileType = sourcecode.c.h; path = MyAccountTableViewCell.h; sourceTree = "<group>"; };
		81E102561A14963C0059BA60 /* MyAccountTableViewCell.m */ = {isa = PBXFileReference; fileEncoding = 4; lastKnownFileType = sourcecode.c.objc; path = MyAccountTableViewCell.m; sourceTree = "<group>"; };
		81E36BDA1A10913F00784D93 /* MBProgressHUD.h */ = {isa = PBXFileReference; fileEncoding = 4; lastKnownFileType = sourcecode.c.h; path = MBProgressHUD.h; sourceTree = "<group>"; };
		81E36BDB1A10913F00784D93 /* MBProgressHUD.m */ = {isa = PBXFileReference; fileEncoding = 4; lastKnownFileType = sourcecode.c.objc; path = MBProgressHUD.m; sourceTree = "<group>"; };
		81E36BDC1A10913F00784D93 /* NSString+Tony.h */ = {isa = PBXFileReference; fileEncoding = 4; lastKnownFileType = sourcecode.c.h; path = "NSString+Tony.h"; sourceTree = "<group>"; };
		81E36BDD1A10913F00784D93 /* NSString+Tony.m */ = {isa = PBXFileReference; fileEncoding = 4; lastKnownFileType = sourcecode.c.objc; path = "NSString+Tony.m"; sourceTree = "<group>"; };
		81E36BDF1A10913F00784D93 /* GSReachability.h */ = {isa = PBXFileReference; fileEncoding = 4; lastKnownFileType = sourcecode.c.h; path = GSReachability.h; sourceTree = "<group>"; };
		81E36BE01A10913F00784D93 /* GSReachability.m */ = {isa = PBXFileReference; fileEncoding = 4; lastKnownFileType = sourcecode.c.objc; path = GSReachability.m; sourceTree = "<group>"; };
		81E36BE11A10913F00784D93 /* Reachability.h */ = {isa = PBXFileReference; fileEncoding = 4; lastKnownFileType = sourcecode.c.h; path = Reachability.h; sourceTree = "<group>"; };
		81E36BE21A10913F00784D93 /* Reachability.m */ = {isa = PBXFileReference; fileEncoding = 4; lastKnownFileType = sourcecode.c.objc; path = Reachability.m; sourceTree = "<group>"; };
		81E36BE71A10919100784D93 /* AllCustomerCategoryHeaders.h */ = {isa = PBXFileReference; lastKnownFileType = sourcecode.c.h; path = AllCustomerCategoryHeaders.h; sourceTree = "<group>"; };
		81E64D3A1A1207270070BCD3 /* ZDNSURLSession.h */ = {isa = PBXFileReference; fileEncoding = 4; lastKnownFileType = sourcecode.c.h; path = ZDNSURLSession.h; sourceTree = "<group>"; };
		81E64D3B1A1207270070BCD3 /* ZDNSURLSession.m */ = {isa = PBXFileReference; fileEncoding = 4; lastKnownFileType = sourcecode.c.objc; path = ZDNSURLSession.m; sourceTree = "<group>"; };
		81E64D3C1A1207270070BCD3 /* ZDWebService+URLString.h */ = {isa = PBXFileReference; fileEncoding = 4; lastKnownFileType = sourcecode.c.h; path = "ZDWebService+URLString.h"; sourceTree = "<group>"; };
		81E64D3D1A1207270070BCD3 /* ZDWebService+URLString.m */ = {isa = PBXFileReference; fileEncoding = 4; lastKnownFileType = sourcecode.c.objc; path = "ZDWebService+URLString.m"; sourceTree = "<group>"; };
		81E64D3E1A1207270070BCD3 /* ZDWebService.h */ = {isa = PBXFileReference; fileEncoding = 4; lastKnownFileType = sourcecode.c.h; path = ZDWebService.h; sourceTree = "<group>"; };
		81E64D3F1A1207270070BCD3 /* ZDWebService.m */ = {isa = PBXFileReference; fileEncoding = 4; lastKnownFileType = sourcecode.c.objc; path = ZDWebService.m; sourceTree = "<group>"; };
		81E64D401A1207270070BCD3 /* ZDWebserviceDataParse.h */ = {isa = PBXFileReference; fileEncoding = 4; lastKnownFileType = sourcecode.c.h; path = ZDWebserviceDataParse.h; sourceTree = "<group>"; };
		81E64D411A1207270070BCD3 /* ZDWebserviceDataParse.m */ = {isa = PBXFileReference; fileEncoding = 4; lastKnownFileType = sourcecode.c.objc; path = ZDWebserviceDataParse.m; sourceTree = "<group>"; };
		81E795CC1A1339B900B75715 /* SSFSegmentControl.h */ = {isa = PBXFileReference; fileEncoding = 4; lastKnownFileType = sourcecode.c.h; path = SSFSegmentControl.h; sourceTree = "<group>"; };
		81E795CD1A1339B900B75715 /* SSFSegmentControl.m */ = {isa = PBXFileReference; fileEncoding = 4; lastKnownFileType = sourcecode.c.objc; path = SSFSegmentControl.m; sourceTree = "<group>"; };
		81E795CE1A1339B900B75715 /* SSFSegmentControl.xib */ = {isa = PBXFileReference; fileEncoding = 4; lastKnownFileType = file.xib; path = SSFSegmentControl.xib; sourceTree = "<group>"; };
		81E795D11A1346C300B75715 /* financialTableCell.h */ = {isa = PBXFileReference; fileEncoding = 4; lastKnownFileType = sourcecode.c.h; path = financialTableCell.h; sourceTree = "<group>"; };
		81E795D21A1346C300B75715 /* financialTableCell.m */ = {isa = PBXFileReference; fileEncoding = 4; lastKnownFileType = sourcecode.c.objc; path = financialTableCell.m; sourceTree = "<group>"; };
		8D071F3F1A1363710051FE04 /* ZDQuestionBackViewController.h */ = {isa = PBXFileReference; fileEncoding = 4; lastKnownFileType = sourcecode.c.h; path = ZDQuestionBackViewController.h; sourceTree = "<group>"; };
		8D071F401A1363710051FE04 /* ZDQuestionBackViewController.m */ = {isa = PBXFileReference; fileEncoding = 4; lastKnownFileType = sourcecode.c.objc; path = ZDQuestionBackViewController.m; sourceTree = "<group>"; };
		8D071F511A1442ED0051FE04 /* ZDAboutUsTableViewController.h */ = {isa = PBXFileReference; fileEncoding = 4; lastKnownFileType = sourcecode.c.h; path = ZDAboutUsTableViewController.h; sourceTree = "<group>"; };
		8D071F521A1442ED0051FE04 /* ZDAboutUsTableViewController.m */ = {isa = PBXFileReference; fileEncoding = 4; lastKnownFileType = sourcecode.c.objc; path = ZDAboutUsTableViewController.m; sourceTree = "<group>"; };
		8D071F541A1450220051FE04 /* ZDWebViewController.h */ = {isa = PBXFileReference; fileEncoding = 4; lastKnownFileType = sourcecode.c.h; path = ZDWebViewController.h; sourceTree = "<group>"; };
		8D071F551A1450220051FE04 /* ZDWebViewController.m */ = {isa = PBXFileReference; fileEncoding = 4; lastKnownFileType = sourcecode.c.objc; path = ZDWebViewController.m; sourceTree = "<group>"; };
/* End PBXFileReference section */

/* Begin PBXFrameworksBuildPhase section */
		813D03151A10551400F62E40 /* Frameworks */ = {
			isa = PBXFrameworksBuildPhase;
			buildActionMask = 2147483647;
			files = (
				81E102391A1443FD0059BA60 /* MapKit.framework in Frameworks */,
				81E102371A1443F50059BA60 /* CoreLocation.framework in Frameworks */,
			);
			runOnlyForDeploymentPostprocessing = 0;
		};
		813D032E1A10551400F62E40 /* Frameworks */ = {
			isa = PBXFrameworksBuildPhase;
			buildActionMask = 2147483647;
			files = (
			);
			runOnlyForDeploymentPostprocessing = 0;
		};
/* End PBXFrameworksBuildPhase section */

/* Begin PBXGroup section */
		813D030F1A10551400F62E40 = {
			isa = PBXGroup;
			children = (
				81E102381A1443FD0059BA60 /* MapKit.framework */,
				81E102361A1443F50059BA60 /* CoreLocation.framework */,
				813D031A1A10551400F62E40 /* Thumb */,
				813D03341A10551400F62E40 /* ThumbTests */,
				813D03191A10551400F62E40 /* Products */,
			);
			sourceTree = "<group>";
		};
		813D03191A10551400F62E40 /* Products */ = {
			isa = PBXGroup;
			children = (
				813D03181A10551400F62E40 /* Thumb.app */,
				813D03311A10551400F62E40 /* ThumbTests.xctest */,
			);
			name = Products;
			sourceTree = "<group>";
		};
		813D031A1A10551400F62E40 /* Thumb */ = {
			isa = PBXGroup;
			children = (
				81E36BD81A1090E300784D93 /* customerCategory */,
				813D035D1A105E0300F62E40 /* mode */,
				813D03591A105E0300F62E40 /* Main */,
				813D035E1A105E0300F62E40 /* MyAccount */,
				813D03621A105E0300F62E40 /* Setting */,
				813D03531A105DE500F62E40 /* Financial */,
				813D03281A10551400F62E40 /* Images.xcassets */,
				813D032A1A10551400F62E40 /* LaunchScreen.xib */,
				813D031B1A10551400F62E40 /* Supporting Files */,
			);
			path = Thumb;
			sourceTree = "<group>";
		};
		813D031B1A10551400F62E40 /* Supporting Files */ = {
			isa = PBXGroup;
			children = (
				813D031F1A10551400F62E40 /* AppDelegate.h */,
				813D03201A10551400F62E40 /* AppDelegate.m */,
				813D031C1A10551400F62E40 /* Info.plist */,
				813D031D1A10551400F62E40 /* main.m */,
			);
			name = "Supporting Files";
			sourceTree = "<group>";
		};
		813D03341A10551400F62E40 /* ThumbTests */ = {
			isa = PBXGroup;
			children = (
				813D03371A10551400F62E40 /* ThumbTests.m */,
				813D03351A10551400F62E40 /* Supporting Files */,
			);
			path = ThumbTests;
			sourceTree = "<group>";
		};
		813D03351A10551400F62E40 /* Supporting Files */ = {
			isa = PBXGroup;
			children = (
				813D03361A10551400F62E40 /* Info.plist */,
			);
			name = "Supporting Files";
			sourceTree = "<group>";
		};
		813D03531A105DE500F62E40 /* Financial */ = {
			isa = PBXGroup;
			children = (
				813D03541A105DE500F62E40 /* StoryboardOne.storyboard */,
				813D03551A105DE500F62E40 /* ZDFinancialTableViewController.h */,
				813D03561A105DE500F62E40 /* ZDFinancialTableViewController.m */,
				81E795D11A1346C300B75715 /* financialTableCell.h */,
				81E795D21A1346C300B75715 /* financialTableCell.m */,
			);
			path = Financial;
			sourceTree = "<group>";
		};
		813D03591A105E0300F62E40 /* Main */ = {
			isa = PBXGroup;
			children = (
				813D035A1A105E0300F62E40 /* Main.storyboard */,
				813D035B1A105E0300F62E40 /* ZDMainTabbarController.h */,
				813D035C1A105E0300F62E40 /* ZDMainTabbarController.m */,
				81E1024C1A145CB50059BA60 /* ZDLoginViewController.h */,
				81E1024D1A145CB50059BA60 /* ZDLoginViewController.m */,
			);
			path = Main;
			sourceTree = "<group>";
		};
		813D035D1A105E0300F62E40 /* mode */ = {
			isa = PBXGroup;
			children = (
				81E64D391A1207270070BCD3 /* webService */,
			);
			path = mode;
			sourceTree = "<group>";
		};
		813D035E1A105E0300F62E40 /* MyAccount */ = {
			isa = PBXGroup;
			children = (
				813D035F1A105E0300F62E40 /* StoryboardTwo.storyboard */,
				81E102521A1494E10059BA60 /* ZDMyAccountTableViewController.h */,
				81E102531A1494E10059BA60 /* ZDMyAccountTableViewController.m */,
				81E102551A14963C0059BA60 /* MyAccountTableViewCell.h */,
				81E102561A14963C0059BA60 /* MyAccountTableViewCell.m */,
			);
			path = MyAccount;
			sourceTree = "<group>";
		};
		813D03621A105E0300F62E40 /* Setting */ = {
			isa = PBXGroup;
			children = (
				81E102401A1459F70059BA60 /* MyAnnotaion.h */,
				81E102411A1459F70059BA60 /* MyAnnotaion.m */,
				81E102421A1459F70059BA60 /* ZDLookForStroesViewController.h */,
				81E102431A1459F70059BA60 /* ZDLookForStroesViewController.m */,
				81E102441A1459F70059BA60 /* ZDMapViewController.h */,
				81E102451A1459F70059BA60 /* ZDMapViewController.m */,
				81E102461A1459F70059BA60 /* ZDNearbyStoresTableViewController.h */,
				81E102471A1459F70059BA60 /* ZDNearbyStoresTableViewController.m */,
				813D03631A105E0300F62E40 /* StoryboardThree.storyboard */,
				813D03641A105E0300F62E40 /* ZDSettingTableViewController.h */,
				813D03651A105E0300F62E40 /* ZDSettingTableViewController.m */,
				8D071F3F1A1363710051FE04 /* ZDQuestionBackViewController.h */,
				8D071F401A1363710051FE04 /* ZDQuestionBackViewController.m */,
				8D071F511A1442ED0051FE04 /* ZDAboutUsTableViewController.h */,
				8D071F521A1442ED0051FE04 /* ZDAboutUsTableViewController.m */,
				8D071F541A1450220051FE04 /* ZDWebViewController.h */,
				8D071F551A1450220051FE04 /* ZDWebViewController.m */,
			);
			path = Setting;
			sourceTree = "<group>";
		};
		81E36BD81A1090E300784D93 /* customerCategory */ = {
			isa = PBXGroup;
			children = (
				81E795CB1A1339B900B75715 /* SSFSegmentedControl */,
				81E36BD91A10913F00784D93 /* MBProgressHUD */,
				81E36BDE1A10913F00784D93 /* Reachability */,
				81E1024F1A1461480059BA60 /* SSFShowSimpleAlert.h */,
				81E102501A1461480059BA60 /* SSFShowSimpleAlert.m */,
				81E36BDC1A10913F00784D93 /* NSString+Tony.h */,
				81E36BDD1A10913F00784D93 /* NSString+Tony.m */,
				81E36BE71A10919100784D93 /* AllCustomerCategoryHeaders.h */,
			);
			path = customerCategory;
			sourceTree = "<group>";
		};
		81E36BD91A10913F00784D93 /* MBProgressHUD */ = {
			isa = PBXGroup;
			children = (
				81E36BDA1A10913F00784D93 /* MBProgressHUD.h */,
				81E36BDB1A10913F00784D93 /* MBProgressHUD.m */,
			);
			path = MBProgressHUD;
			sourceTree = "<group>";
		};
		81E36BDE1A10913F00784D93 /* Reachability */ = {
			isa = PBXGroup;
			children = (
				81E36BDF1A10913F00784D93 /* GSReachability.h */,
				81E36BE01A10913F00784D93 /* GSReachability.m */,
				81E36BE11A10913F00784D93 /* Reachability.h */,
				81E36BE21A10913F00784D93 /* Reachability.m */,
			);
			path = Reachability;
			sourceTree = "<group>";
		};
		81E64D391A1207270070BCD3 /* webService */ = {
			isa = PBXGroup;
			children = (
				81E64D3A1A1207270070BCD3 /* ZDNSURLSession.h */,
				81E64D3B1A1207270070BCD3 /* ZDNSURLSession.m */,
				81E64D3C1A1207270070BCD3 /* ZDWebService+URLString.h */,
				81E64D3D1A1207270070BCD3 /* ZDWebService+URLString.m */,
				81E64D3E1A1207270070BCD3 /* ZDWebService.h */,
				81E64D3F1A1207270070BCD3 /* ZDWebService.m */,
				81E64D401A1207270070BCD3 /* ZDWebserviceDataParse.h */,
				81E64D411A1207270070BCD3 /* ZDWebserviceDataParse.m */,
			);
			path = webService;
			sourceTree = "<group>";
		};
		81E795CB1A1339B900B75715 /* SSFSegmentedControl */ = {
			isa = PBXGroup;
			children = (
				81E795CC1A1339B900B75715 /* SSFSegmentControl.h */,
				81E795CD1A1339B900B75715 /* SSFSegmentControl.m */,
				81E795CE1A1339B900B75715 /* SSFSegmentControl.xib */,
			);
			path = SSFSegmentedControl;
			sourceTree = "<group>";
		};
/* End PBXGroup section */

/* Begin PBXNativeTarget section */
		813D03171A10551400F62E40 /* Thumb */ = {
			isa = PBXNativeTarget;
			buildConfigurationList = 813D033B1A10551400F62E40 /* Build configuration list for PBXNativeTarget "Thumb" */;
			buildPhases = (
				813D03141A10551400F62E40 /* Sources */,
				813D03151A10551400F62E40 /* Frameworks */,
				813D03161A10551400F62E40 /* Resources */,
			);
			buildRules = (
			);
			dependencies = (
			);
			name = Thumb;
			productName = Thumb;
			productReference = 813D03181A10551400F62E40 /* Thumb.app */;
			productType = "com.apple.product-type.application";
		};
		813D03301A10551400F62E40 /* ThumbTests */ = {
			isa = PBXNativeTarget;
			buildConfigurationList = 813D033E1A10551400F62E40 /* Build configuration list for PBXNativeTarget "ThumbTests" */;
			buildPhases = (
				813D032D1A10551400F62E40 /* Sources */,
				813D032E1A10551400F62E40 /* Frameworks */,
				813D032F1A10551400F62E40 /* Resources */,
			);
			buildRules = (
			);
			dependencies = (
				813D03331A10551400F62E40 /* PBXTargetDependency */,
			);
			name = ThumbTests;
			productName = ThumbTests;
			productReference = 813D03311A10551400F62E40 /* ThumbTests.xctest */;
			productType = "com.apple.product-type.bundle.unit-test";
		};
/* End PBXNativeTarget section */

/* Begin PBXProject section */
		813D03101A10551400F62E40 /* Project object */ = {
			isa = PBXProject;
			attributes = {
				LastUpgradeCheck = 0600;
				ORGANIZATIONNAME = peter;
				TargetAttributes = {
					813D03171A10551400F62E40 = {
						CreatedOnToolsVersion = 6.0;
						DevelopmentTeam = 4YB2GQAF4F;
					};
					813D03301A10551400F62E40 = {
						CreatedOnToolsVersion = 6.0;
						TestTargetID = 813D03171A10551400F62E40;
					};
				};
			};
			buildConfigurationList = 813D03131A10551400F62E40 /* Build configuration list for PBXProject "Thumb" */;
			compatibilityVersion = "Xcode 3.2";
			developmentRegion = English;
			hasScannedForEncodings = 0;
			knownRegions = (
				en,
				Base,
			);
			mainGroup = 813D030F1A10551400F62E40;
			productRefGroup = 813D03191A10551400F62E40 /* Products */;
			projectDirPath = "";
			projectRoot = "";
			targets = (
				813D03171A10551400F62E40 /* Thumb */,
				813D03301A10551400F62E40 /* ThumbTests */,
			);
		};
/* End PBXProject section */

/* Begin PBXResourcesBuildPhase section */
		813D03161A10551400F62E40 /* Resources */ = {
			isa = PBXResourcesBuildPhase;
			buildActionMask = 2147483647;
			files = (
				81E795D01A1339B900B75715 /* SSFSegmentControl.xib in Resources */,
				813D036A1A105E0300F62E40 /* StoryboardThree.storyboard in Resources */,
				813D03571A105DE500F62E40 /* StoryboardOne.storyboard in Resources */,
				813D032C1A10551400F62E40 /* LaunchScreen.xib in Resources */,
				813D03291A10551400F62E40 /* Images.xcassets in Resources */,
				813D03661A105E0300F62E40 /* Main.storyboard in Resources */,
				813D03681A105E0300F62E40 /* StoryboardTwo.storyboard in Resources */,
			);
			runOnlyForDeploymentPostprocessing = 0;
		};
		813D032F1A10551400F62E40 /* Resources */ = {
			isa = PBXResourcesBuildPhase;
			buildActionMask = 2147483647;
			files = (
			);
			runOnlyForDeploymentPostprocessing = 0;
		};
/* End PBXResourcesBuildPhase section */

/* Begin PBXSourcesBuildPhase section */
		813D03141A10551400F62E40 /* Sources */ = {
			isa = PBXSourcesBuildPhase;
			buildActionMask = 2147483647;
			files = (
				81E102541A1494E10059BA60 /* ZDMyAccountTableViewController.m in Sources */,
				81E102571A14963C0059BA60 /* MyAccountTableViewCell.m in Sources */,
				81E64D441A1207270070BCD3 /* ZDWebService.m in Sources */,
				81E64D421A1207270070BCD3 /* ZDNSURLSession.m in Sources */,
				81E36BE61A10913F00784D93 /* Reachability.m in Sources */,
				81E64D451A1207270070BCD3 /* ZDWebserviceDataParse.m in Sources */,
				8D071F561A1450220051FE04 /* ZDWebViewController.m in Sources */,
				81E36BE41A10913F00784D93 /* NSString+Tony.m in Sources */,
				813D03581A105DE500F62E40 /* ZDFinancialTableViewController.m in Sources */,
				81E1024E1A145CB50059BA60 /* ZDLoginViewController.m in Sources */,
				8D071F411A1363710051FE04 /* ZDQuestionBackViewController.m in Sources */,
				81E102491A1459F70059BA60 /* ZDLookForStroesViewController.m in Sources */,
				813D03211A10551400F62E40 /* AppDelegate.m in Sources */,
				81E36BE51A10913F00784D93 /* GSReachability.m in Sources */,
				81E795CF1A1339B900B75715 /* SSFSegmentControl.m in Sources */,
				81E102481A1459F70059BA60 /* MyAnnotaion.m in Sources */,
				813D03671A105E0300F62E40 /* ZDMainTabbarController.m in Sources */,
				81E36BE31A10913F00784D93 /* MBProgressHUD.m in Sources */,
				81E795D31A1346C300B75715 /* financialTableCell.m in Sources */,
				81E102511A1461480059BA60 /* SSFShowSimpleAlert.m in Sources */,
				81E1024A1A1459F70059BA60 /* ZDMapViewController.m in Sources */,
				81E1024B1A1459F70059BA60 /* ZDNearbyStoresTableViewController.m in Sources */,
				81E64D431A1207270070BCD3 /* ZDWebService+URLString.m in Sources */,
				813D036B1A105E0300F62E40 /* ZDSettingTableViewController.m in Sources */,
				813D031E1A10551400F62E40 /* main.m in Sources */,
				8D071F531A1442ED0051FE04 /* ZDAboutUsTableViewController.m in Sources */,
			);
			runOnlyForDeploymentPostprocessing = 0;
		};
		813D032D1A10551400F62E40 /* Sources */ = {
			isa = PBXSourcesBuildPhase;
			buildActionMask = 2147483647;
			files = (
				813D03381A10551400F62E40 /* ThumbTests.m in Sources */,
			);
			runOnlyForDeploymentPostprocessing = 0;
		};
/* End PBXSourcesBuildPhase section */

/* Begin PBXTargetDependency section */
		813D03331A10551400F62E40 /* PBXTargetDependency */ = {
			isa = PBXTargetDependency;
			target = 813D03171A10551400F62E40 /* Thumb */;
			targetProxy = 813D03321A10551400F62E40 /* PBXContainerItemProxy */;
		};
/* End PBXTargetDependency section */

/* Begin PBXVariantGroup section */
		813D032A1A10551400F62E40 /* LaunchScreen.xib */ = {
			isa = PBXVariantGroup;
			children = (
				813D032B1A10551400F62E40 /* Base */,
			);
			name = LaunchScreen.xib;
			sourceTree = "<group>";
		};
/* End PBXVariantGroup section */

/* Begin XCBuildConfiguration section */
		813D03391A10551400F62E40 /* Debug */ = {
			isa = XCBuildConfiguration;
			buildSettings = {
				ALWAYS_SEARCH_USER_PATHS = NO;
				CLANG_CXX_LANGUAGE_STANDARD = "gnu++0x";
				CLANG_CXX_LIBRARY = "libc++";
				CLANG_ENABLE_MODULES = YES;
				CLANG_ENABLE_OBJC_ARC = YES;
				CLANG_WARN_BOOL_CONVERSION = YES;
				CLANG_WARN_CONSTANT_CONVERSION = YES;
				CLANG_WARN_DIRECT_OBJC_ISA_USAGE = YES_ERROR;
				CLANG_WARN_EMPTY_BODY = YES;
				CLANG_WARN_ENUM_CONVERSION = YES;
				CLANG_WARN_INT_CONVERSION = YES;
				CLANG_WARN_OBJC_ROOT_CLASS = YES_ERROR;
				CLANG_WARN_UNREACHABLE_CODE = YES;
				CLANG_WARN__DUPLICATE_METHOD_MATCH = YES;
				"CODE_SIGN_IDENTITY[sdk=iphoneos*]" = "iPhone Developer";
				COPY_PHASE_STRIP = NO;
				ENABLE_STRICT_OBJC_MSGSEND = YES;
				GCC_C_LANGUAGE_STANDARD = gnu99;
				GCC_DYNAMIC_NO_PIC = NO;
				GCC_OPTIMIZATION_LEVEL = 0;
				GCC_PREPROCESSOR_DEFINITIONS = (
					"DEBUG=1",
					"$(inherited)",
				);
				GCC_SYMBOLS_PRIVATE_EXTERN = NO;
				GCC_WARN_64_TO_32_BIT_CONVERSION = YES;
				GCC_WARN_ABOUT_RETURN_TYPE = YES_ERROR;
				GCC_WARN_UNDECLARED_SELECTOR = YES;
				GCC_WARN_UNINITIALIZED_AUTOS = YES_AGGRESSIVE;
				GCC_WARN_UNUSED_FUNCTION = YES;
				GCC_WARN_UNUSED_VARIABLE = YES;
				IPHONEOS_DEPLOYMENT_TARGET = 8.0;
				MTL_ENABLE_DEBUG_INFO = YES;
				ONLY_ACTIVE_ARCH = YES;
				SDKROOT = iphoneos;
			};
			name = Debug;
		};
		813D033A1A10551400F62E40 /* Release */ = {
			isa = XCBuildConfiguration;
			buildSettings = {
				ALWAYS_SEARCH_USER_PATHS = NO;
				CLANG_CXX_LANGUAGE_STANDARD = "gnu++0x";
				CLANG_CXX_LIBRARY = "libc++";
				CLANG_ENABLE_MODULES = YES;
				CLANG_ENABLE_OBJC_ARC = YES;
				CLANG_WARN_BOOL_CONVERSION = YES;
				CLANG_WARN_CONSTANT_CONVERSION = YES;
				CLANG_WARN_DIRECT_OBJC_ISA_USAGE = YES_ERROR;
				CLANG_WARN_EMPTY_BODY = YES;
				CLANG_WARN_ENUM_CONVERSION = YES;
				CLANG_WARN_INT_CONVERSION = YES;
				CLANG_WARN_OBJC_ROOT_CLASS = YES_ERROR;
				CLANG_WARN_UNREACHABLE_CODE = YES;
				CLANG_WARN__DUPLICATE_METHOD_MATCH = YES;
				"CODE_SIGN_IDENTITY[sdk=iphoneos*]" = "iPhone Developer";
				COPY_PHASE_STRIP = YES;
				ENABLE_NS_ASSERTIONS = NO;
				ENABLE_STRICT_OBJC_MSGSEND = YES;
				GCC_C_LANGUAGE_STANDARD = gnu99;
				GCC_WARN_64_TO_32_BIT_CONVERSION = YES;
				GCC_WARN_ABOUT_RETURN_TYPE = YES_ERROR;
				GCC_WARN_UNDECLARED_SELECTOR = YES;
				GCC_WARN_UNINITIALIZED_AUTOS = YES_AGGRESSIVE;
				GCC_WARN_UNUSED_FUNCTION = YES;
				GCC_WARN_UNUSED_VARIABLE = YES;
				IPHONEOS_DEPLOYMENT_TARGET = 8.0;
				MTL_ENABLE_DEBUG_INFO = NO;
				SDKROOT = iphoneos;
				VALIDATE_PRODUCT = YES;
			};
			name = Release;
		};
		813D033C1A10551400F62E40 /* Debug */ = {
			isa = XCBuildConfiguration;
			buildSettings = {
				ASSETCATALOG_COMPILER_APPICON_NAME = AppIcon;
				CODE_SIGN_IDENTITY = "iPhone Developer";
				"CODE_SIGN_IDENTITY[sdk=iphoneos*]" = "iPhone Developer";
				INFOPLIST_FILE = Thumb/Info.plist;
				IPHONEOS_DEPLOYMENT_TARGET = 7.0;
				LD_RUNPATH_SEARCH_PATHS = "$(inherited) @executable_path/Frameworks";
				PRODUCT_NAME = "$(TARGET_NAME)";
				PROVISIONING_PROFILE = "";
			};
			name = Debug;
		};
		813D033D1A10551400F62E40 /* Release */ = {
			isa = XCBuildConfiguration;
			buildSettings = {
				ASSETCATALOG_COMPILER_APPICON_NAME = AppIcon;
				CODE_SIGN_IDENTITY = "iPhone Developer";
				"CODE_SIGN_IDENTITY[sdk=iphoneos*]" = "iPhone Developer";
				INFOPLIST_FILE = Thumb/Info.plist;
				IPHONEOS_DEPLOYMENT_TARGET = 7.0;
				LD_RUNPATH_SEARCH_PATHS = "$(inherited) @executable_path/Frameworks";
				PRODUCT_NAME = "$(TARGET_NAME)";
				PROVISIONING_PROFILE = "";
			};
			name = Release;
		};
		813D033F1A10551400F62E40 /* Debug */ = {
			isa = XCBuildConfiguration;
			buildSettings = {
				BUNDLE_LOADER = "$(TEST_HOST)";
				FRAMEWORK_SEARCH_PATHS = (
					"$(SDKROOT)/Developer/Library/Frameworks",
					"$(inherited)",
				);
				GCC_PREPROCESSOR_DEFINITIONS = (
					"DEBUG=1",
					"$(inherited)",
				);
				INFOPLIST_FILE = ThumbTests/Info.plist;
				LD_RUNPATH_SEARCH_PATHS = "$(inherited) @executable_path/Frameworks @loader_path/Frameworks";
				PRODUCT_NAME = "$(TARGET_NAME)";
				TEST_HOST = "$(BUILT_PRODUCTS_DIR)/Thumb.app/Thumb";
			};
			name = Debug;
		};
		813D03401A10551400F62E40 /* Release */ = {
			isa = XCBuildConfiguration;
			buildSettings = {
				BUNDLE_LOADER = "$(TEST_HOST)";
				FRAMEWORK_SEARCH_PATHS = (
					"$(SDKROOT)/Developer/Library/Frameworks",
					"$(inherited)",
				);
				INFOPLIST_FILE = ThumbTests/Info.plist;
				LD_RUNPATH_SEARCH_PATHS = "$(inherited) @executable_path/Frameworks @loader_path/Frameworks";
				PRODUCT_NAME = "$(TARGET_NAME)";
				TEST_HOST = "$(BUILT_PRODUCTS_DIR)/Thumb.app/Thumb";
			};
			name = Release;
		};
/* End XCBuildConfiguration section */

/* Begin XCConfigurationList section */
		813D03131A10551400F62E40 /* Build configuration list for PBXProject "Thumb" */ = {
			isa = XCConfigurationList;
			buildConfigurations = (
				813D03391A10551400F62E40 /* Debug */,
				813D033A1A10551400F62E40 /* Release */,
			);
			defaultConfigurationIsVisible = 0;
			defaultConfigurationName = Release;
		};
		813D033B1A10551400F62E40 /* Build configuration list for PBXNativeTarget "Thumb" */ = {
			isa = XCConfigurationList;
			buildConfigurations = (
				813D033C1A10551400F62E40 /* Debug */,
				813D033D1A10551400F62E40 /* Release */,
			);
			defaultConfigurationIsVisible = 0;
			defaultConfigurationName = Release;
		};
		813D033E1A10551400F62E40 /* Build configuration list for PBXNativeTarget "ThumbTests" */ = {
			isa = XCConfigurationList;
			buildConfigurations = (
				813D033F1A10551400F62E40 /* Debug */,
				813D03401A10551400F62E40 /* Release */,
			);
			defaultConfigurationIsVisible = 0;
			defaultConfigurationName = Release;
		};
/* End XCConfigurationList section */
	};
	rootObject = 813D03101A10551400F62E40 /* Project object */;
}
